
Microsoft Visual Studio Solution File, Format Version 12.00
# Visual Studio Version 17
VisualStudioVersion = 17.2.32602.215
MinimumVisualStudioVersion = 10.0.40219.1
Project("{9A19103F-16F7-4668-BE54-9A1E7A4F7556}") = "BuyNG", "BuyNG.csproj", "{8A7E9DC8-E4B7-4CB4-809C-24C5D6A56E69}"
EndProject
Project("{FAE04EC0-301F-11D3-BF4B-00C04F79EFBC}") = "BuyNG.Data", "..\BuyNG.Data\BuyNG.Data.csproj", "{3C4A3BA5-5523-4EEC-B7C8-0708B08134C7}"
EndProject
Project("{FAE04EC0-301F-11D3-BF4B-00C04F79EFBC}") = "BuyNG.Core", "..\BuyNG.Core\BuyNG.Core.csproj", "{DE2AC097-9CE9-4A0F-AABC-823752474182}"
EndProject
Global
	GlobalSection(SolutionConfigurationPlatforms) = preSolution
		Debug|Any CPU = Debug|Any CPU
		Release|Any CPU = Release|Any CPU
	EndGlobalSection
	GlobalSection(ProjectConfigurationPlatforms) = postSolution
		{8A7E9DC8-E4B7-4CB4-809C-24C5D6A56E69}.Debug|Any CPU.ActiveCfg = Debug|Any CPU
		{8A7E9DC8-E4B7-4CB4-809C-24C5D6A56E69}.Debug|Any CPU.Build.0 = Debug|Any CPU
		{8A7E9DC8-E4B7-4CB4-809C-24C5D6A56E69}.Release|Any CPU.ActiveCfg = Release|Any CPU
		{8A7E9DC8-E4B7-4CB4-809C-24C5D6A56E69}.Release|Any CPU.Build.0 = Release|Any CPU
		{3C4A3BA5-5523-4EEC-B7C8-0708B08134C7}.Debug|Any CPU.ActiveCfg = Debug|Any CPU
		{3C4A3BA5-5523-4EEC-B7C8-0708B08134C7}.Debug|Any CPU.Build.0 = Debug|Any CPU
		{3C4A3BA5-5523-4EEC-B7C8-0708B08134C7}.Release|Any CPU.ActiveCfg = Release|Any CPU
		{3C4A3BA5-5523-4EEC-B7C8-0708B08134C7}.Release|Any CPU.Build.0 = Release|Any CPU
		{DE2AC097-9CE9-4A0F-AABC-823752474182}.Debug|Any CPU.ActiveCfg = Debug|Any CPU
		{DE2AC097-9CE9-4A0F-AABC-823752474182}.Debug|Any CPU.Build.0 = Debug|Any CPU
		{DE2AC097-9CE9-4A0F-AABC-823752474182}.Release|Any CPU.ActiveCfg = Release|Any CPU
		{DE2AC097-9CE9-4A0F-AABC-823752474182}.Release|Any CPU.Build.0 = Release|Any CPU
	EndGlobalSection
	GlobalSection(SolutionProperties) = preSolution
		HideSolutionNode = FALSE
	EndGlobalSection
	GlobalSection(ExtensibilityGlobals) = postSolution
		SolutionGuid = {E294A579-198C-4693-964E-1DEB2532D034}
	EndGlobalSection
EndGlobal
